{
    "_readme": [
        "This file locks the dependencies of your project to a known state",
        "Read more about it at https://getcomposer.org/doc/01-basic-usage.md#installing-dependencies",
        "This file is @generated automatically"
    ],
    "content-hash": "a79c2689ac4e795d99f0d19cc7816342",
    "packages": [
        {
            "name": "siiptuo/voikko",
            "version": "dev-master",
            "source": {
                "type": "git",
                "url": "https://github.com/siiptuo/voikko-php.git",
                "reference": "0e9175fcc4d6cbcae452606068c8d2b1c314ff7e"
            },
            "dist": {
                "type": "zip",
                "url": "https://api.github.com/repos/siiptuo/voikko-php/zipball/0e9175fcc4d6cbcae452606068c8d2b1c314ff7e",
                "reference": "0e9175fcc4d6cbcae452606068c8d2b1c314ff7e",
                "shasum": ""
            },
            "require": {
                "ext-ffi": "*",
                "ext-mbstring": "*",
                "php": ">=7.4"
            },
            "require-dev": {
                "friendsofphp/php-cs-fixer": "^2.18",
                "phpstan/phpstan": "^0.12.79",
                "phpunit/phpunit": "^9"
            },
            "default-branch": true,
            "type": "library",
            "autoload": {
                "psr-4": {
                    "Siiptuo\\Voikko\\": "src/"
                }
            },
            "scripts": {
                "test": [
                    "phpunit tests"
                ]
            },
            "license": [
                "(MPL-1.1 OR GPL-2.0-or-later OR LGPL-2.1-or-later)"
            ],
            "authors": [
                {
                    "name": "Tuomas Siipola",
                    "email": "tuomas@zpl.fi"
                }
            ],
            "description": "bindings for libvoikko",
            "support": {
                "source": "https://github.com/siiptuo/voikko-php/tree/master",
                "issues": "https://github.com/siiptuo/voikko-php/issues"
            },
            "time": "2021-03-13T16:37:39+00:00"
        }
    ],
    "packages-dev": [],
    "aliases": [],
    "minimum-stability": "stable",
    "stability-flags": {
        "siiptuo/voikko": 20
    },
    "prefer-stable": false,
    "prefer-lowest": false,
    "platform": [],
    "platform-dev": [],
    "plugin-api-version": "2.0.0"
}
